
Microsoft Visual Studio Solution File, Format Version 12.00
# Visual Studio 2012
Project("{FAE04EC0-301F-11D3-BF4B-00C04F79EFBC}") = "PvP101", "PvP101\PvP101.csproj", "{8D6D4DC8-D958-4E99-951A-3DBC9A43D15E}"
EndProject
Global
	GlobalSection(SolutionConfigurationPlatforms) = preSolution
		Debug|Any CPU = Debug|Any CPU
		Release|Any CPU = Release|Any CPU
	EndGlobalSection
	GlobalSection(ProjectConfigurationPlatforms) = postSolution
		{8D6D4DC8-D958-4E99-951A-3DBC9A43D15E}.Debug|Any CPU.ActiveCfg = Debug|Any CPU
		{8D6D4DC8-D958-4E99-951A-3DBC9A43D15E}.Debug|Any CPU.Build.0 = Debug|Any CPU
		{8D6D4DC8-D958-4E99-951A-3DBC9A43D15E}.Release|Any CPU.ActiveCfg = Release|Any CPU
		{8D6D4DC8-D958-4E99-951A-3DBC9A43D15E}.Release|Any CPU.Build.0 = Release|Any CPU
	EndGlobalSection
	GlobalSection(SolutionProperties) = preSolution
		HideSolutionNode = FALSE
	EndGlobalSection
EndGlobal
